
Microsoft Visual Studio Solution File, Format Version 12.00
# Visual Studio Version 17
VisualStudioVersion = 17.14.36518.9 d17.14
MinimumVisualStudioVersion = 10.0.40219.1
Project("{FAE04EC0-301F-11D3-BF4B-00C04F79EFBC}") = "FCG.API", "FCG.API\FCG.API.csproj", "{BAB7A3C4-EDC3-4988-929C-CD8993F04724}"
EndProject
Project("{2150E333-8FDC-42A3-9474-1A3956D46DE8}") = "01-Presentation", "01-Presentation", "{02EA681E-C7D8-13C7-8484-4AC65E1B71E8}"
EndProject
Project("{2150E333-8FDC-42A3-9474-1A3956D46DE8}") = "02-Application", "02-Application", "{3AC6555B-58E3-41F4-863E-0A07084FFBBC}"
EndProject
Project("{2150E333-8FDC-42A3-9474-1A3956D46DE8}") = "03-Domain", "03-Domain", "{BC841224-94C4-4AB6-B380-29FD0003A8D0}"
EndProject
Project("{2150E333-8FDC-42A3-9474-1A3956D46DE8}") = "04-Infra", "04-Infra", "{D7CB8ACC-AA63-40E9-89F9-57E6B5ACFF80}"
EndProject
Project("{2150E333-8FDC-42A3-9474-1A3956D46DE8}") = "05-Tests", "05-Tests", "{628F4FF1-4DA3-412B-9554-8898226814E1}"
EndProject
Project("{FAE04EC0-301F-11D3-BF4B-00C04F79EFBC}") = "Fcg.Application", "Application\Fcg.Application.csproj", "{5109CCA8-0F6D-43A8-9467-E46525016B82}"
EndProject
Project("{FAE04EC0-301F-11D3-BF4B-00C04F79EFBC}") = "Fcg.Domain", "Fcg.Domain\Fcg.Domain.csproj", "{5465E4C3-97AD-43C2-A334-3C6206ABB868}"
EndProject
Project("{2150E333-8FDC-42A3-9474-1A3956D46DE8}") = "04.1-Data", "04.1-Data", "{4EFE3E05-6C43-4857-901A-1C213CBD5887}"
EndProject
Project("{2150E333-8FDC-42A3-9474-1A3956D46DE8}") = "04.2-Shared", "04.2-Shared", "{390B7E1B-4161-436A-AA92-718A67354C84}"
EndProject
Project("{FAE04EC0-301F-11D3-BF4B-00C04F79EFBC}") = "Fcg.Tests", "Fcg.Tests\Fcg.Tests.csproj", "{C52270FC-0481-45B5-A2A7-B16BE6AF79DB}"
EndProject
Project("{FAE04EC0-301F-11D3-BF4B-00C04F79EFBC}") = "Fcg.Data", "Fcg.Data\Fcg.Data.csproj", "{7A405B94-D377-4287-93D6-9DA008A60EC3}"
EndProject
Project("{FAE04EC0-301F-11D3-BF4B-00C04F79EFBC}") = "Fcg.Shared", "Fcg.Shared\Fcg.Shared.csproj", "{E31711EE-6D50-4F4E-ADE3-F64F10091483}"
EndProject
Global
	GlobalSection(SolutionConfigurationPlatforms) = preSolution
		Debug|Any CPU = Debug|Any CPU
		Release|Any CPU = Release|Any CPU
	EndGlobalSection
	GlobalSection(ProjectConfigurationPlatforms) = postSolution
		{BAB7A3C4-EDC3-4988-929C-CD8993F04724}.Debug|Any CPU.ActiveCfg = Debug|Any CPU
		{BAB7A3C4-EDC3-4988-929C-CD8993F04724}.Debug|Any CPU.Build.0 = Debug|Any CPU
		{BAB7A3C4-EDC3-4988-929C-CD8993F04724}.Release|Any CPU.ActiveCfg = Release|Any CPU
		{BAB7A3C4-EDC3-4988-929C-CD8993F04724}.Release|Any CPU.Build.0 = Release|Any CPU
		{5109CCA8-0F6D-43A8-9467-E46525016B82}.Debug|Any CPU.ActiveCfg = Debug|Any CPU
		{5109CCA8-0F6D-43A8-9467-E46525016B82}.Debug|Any CPU.Build.0 = Debug|Any CPU
		{5109CCA8-0F6D-43A8-9467-E46525016B82}.Release|Any CPU.ActiveCfg = Release|Any CPU
		{5109CCA8-0F6D-43A8-9467-E46525016B82}.Release|Any CPU.Build.0 = Release|Any CPU
		{5465E4C3-97AD-43C2-A334-3C6206ABB868}.Debug|Any CPU.ActiveCfg = Debug|Any CPU
		{5465E4C3-97AD-43C2-A334-3C6206ABB868}.Debug|Any CPU.Build.0 = Debug|Any CPU
		{5465E4C3-97AD-43C2-A334-3C6206ABB868}.Release|Any CPU.ActiveCfg = Release|Any CPU
		{5465E4C3-97AD-43C2-A334-3C6206ABB868}.Release|Any CPU.Build.0 = Release|Any CPU
		{C52270FC-0481-45B5-A2A7-B16BE6AF79DB}.Debug|Any CPU.ActiveCfg = Debug|Any CPU
		{C52270FC-0481-45B5-A2A7-B16BE6AF79DB}.Debug|Any CPU.Build.0 = Debug|Any CPU
		{C52270FC-0481-45B5-A2A7-B16BE6AF79DB}.Release|Any CPU.ActiveCfg = Release|Any CPU
		{C52270FC-0481-45B5-A2A7-B16BE6AF79DB}.Release|Any CPU.Build.0 = Release|Any CPU
		{7A405B94-D377-4287-93D6-9DA008A60EC3}.Debug|Any CPU.ActiveCfg = Debug|Any CPU
		{7A405B94-D377-4287-93D6-9DA008A60EC3}.Debug|Any CPU.Build.0 = Debug|Any CPU
		{7A405B94-D377-4287-93D6-9DA008A60EC3}.Release|Any CPU.ActiveCfg = Release|Any CPU
		{7A405B94-D377-4287-93D6-9DA008A60EC3}.Release|Any CPU.Build.0 = Release|Any CPU
		{E31711EE-6D50-4F4E-ADE3-F64F10091483}.Debug|Any CPU.ActiveCfg = Debug|Any CPU
		{E31711EE-6D50-4F4E-ADE3-F64F10091483}.Debug|Any CPU.Build.0 = Debug|Any CPU
		{E31711EE-6D50-4F4E-ADE3-F64F10091483}.Release|Any CPU.ActiveCfg = Release|Any CPU
		{E31711EE-6D50-4F4E-ADE3-F64F10091483}.Release|Any CPU.Build.0 = Release|Any CPU
	EndGlobalSection
	GlobalSection(SolutionProperties) = preSolution
		HideSolutionNode = FALSE
	EndGlobalSection
	GlobalSection(NestedProjects) = preSolution
		{BAB7A3C4-EDC3-4988-929C-CD8993F04724} = {02EA681E-C7D8-13C7-8484-4AC65E1B71E8}
		{5109CCA8-0F6D-43A8-9467-E46525016B82} = {3AC6555B-58E3-41F4-863E-0A07084FFBBC}
		{5465E4C3-97AD-43C2-A334-3C6206ABB868} = {BC841224-94C4-4AB6-B380-29FD0003A8D0}
		{4EFE3E05-6C43-4857-901A-1C213CBD5887} = {D7CB8ACC-AA63-40E9-89F9-57E6B5ACFF80}
		{390B7E1B-4161-436A-AA92-718A67354C84} = {D7CB8ACC-AA63-40E9-89F9-57E6B5ACFF80}
		{C52270FC-0481-45B5-A2A7-B16BE6AF79DB} = {628F4FF1-4DA3-412B-9554-8898226814E1}
		{7A405B94-D377-4287-93D6-9DA008A60EC3} = {4EFE3E05-6C43-4857-901A-1C213CBD5887}
		{E31711EE-6D50-4F4E-ADE3-F64F10091483} = {390B7E1B-4161-436A-AA92-718A67354C84}
	EndGlobalSection
	GlobalSection(ExtensibilityGlobals) = postSolution
		SolutionGuid = {D63F45A7-E61D-47DD-890F-8BFF8F884E95}
	EndGlobalSection
EndGlobal
